
Microsoft Visual Studio Solution File, Format Version 12.00
Project("{F2A71F9B-5D33-465A-A702-920D77279786}") = "Rosalind3", "Rosalind3\Rosalind3.fsproj", "{BC9D8220-0CB2-4126-8A84-7D348DA69B62}"
EndProject
Global
	GlobalSection(SolutionConfigurationPlatforms) = preSolution
		Debug|Any CPU = Debug|Any CPU
		Release|Any CPU = Release|Any CPU
	EndGlobalSection
	GlobalSection(ProjectConfigurationPlatforms) = postSolution
		{BC9D8220-0CB2-4126-8A84-7D348DA69B62}.Debug|Any CPU.ActiveCfg = Debug|Any CPU
		{BC9D8220-0CB2-4126-8A84-7D348DA69B62}.Debug|Any CPU.Build.0 = Debug|Any CPU
		{BC9D8220-0CB2-4126-8A84-7D348DA69B62}.Release|Any CPU.ActiveCfg = Release|Any CPU
		{BC9D8220-0CB2-4126-8A84-7D348DA69B62}.Release|Any CPU.Build.0 = Release|Any CPU
	EndGlobalSection
EndGlobal
